// !$*UTF8*$!
{
	archiveVersion = 1;
	classes = {
	};
	objectVersion = 46;
	objects = {

/* Begin PBXBuildFile section */
		307141501F2031C0002409A3 /* main.m in Sources */ = {isa = PBXBuildFile; fileRef = 3071414F1F2031C0002409A3 /* main.m */; };
		307141531F2031C0002409A3 /* AppDelegate.m in Sources */ = {isa = PBXBuildFile; fileRef = 307141521F2031C0002409A3 /* AppDelegate.m */; };
		307141561F2031C0002409A3 /* ViewController.m in Sources */ = {isa = PBXBuildFile; fileRef = 307141551F2031C0002409A3 /* ViewController.m */; };
		307141591F2031C0002409A3 /* Main.storyboard in Resources */ = {isa = PBXBuildFile; fileRef = 307141571F2031C0002409A3 /* Main.storyboard */; };
		3071415C1F2031C0002409A3 /* Every_DO_CoreData.xcdatamodeld in Sources */ = {isa = PBXBuildFile; fileRef = 3071415A1F2031C0002409A3 /* Every_DO_CoreData.xcdatamodeld */; };
		3071415E1F2031C0002409A3 /* Assets.xcassets in Resources */ = {isa = PBXBuildFile; fileRef = 3071415D1F2031C0002409A3 /* Assets.xcassets */; };
		307141611F2031C0002409A3 /* LaunchScreen.storyboard in Resources */ = {isa = PBXBuildFile; fileRef = 3071415F1F2031C0002409A3 /* LaunchScreen.storyboard */; };
/* End PBXBuildFile section */

/* Begin PBXFileReference section */
		3071414B1F2031C0002409A3 /* Every.DO-CoreData.app */ = {isa = PBXFileReference; explicitFileType = wrapper.application; includeInIndex = 0; path = "Every.DO-CoreData.app"; sourceTree = BUILT_PRODUCTS_DIR; };
		3071414F1F2031C0002409A3 /* main.m */ = {isa = PBXFileReference; lastKnownFileType = sourcecode.c.objc; path = main.m; sourceTree = "<group>"; };
		307141511F2031C0002409A3 /* AppDelegate.h */ = {isa = PBXFileReference; lastKnownFileType = sourcecode.c.h; path = AppDelegate.h; sourceTree = "<group>"; };
		307141521F2031C0002409A3 /* AppDelegate.m */ = {isa = PBXFileReference; lastKnownFileType = sourcecode.c.objc; path = AppDelegate.m; sourceTree = "<group>"; };
		307141541F2031C0002409A3 /* ViewController.h */ = {isa = PBXFileReference; lastKnownFileType = sourcecode.c.h; path = ViewController.h; sourceTree = "<group>"; };
		307141551F2031C0002409A3 /* ViewController.m */ = {isa = PBXFileReference; lastKnownFileType = sourcecode.c.objc; path = ViewController.m; sourceTree = "<group>"; };
		307141581F2031C0002409A3 /* Base */ = {isa = PBXFileReference; lastKnownFileType = file.storyboard; name = Base; path = Base.lproj/Main.storyboard; sourceTree = "<group>"; };
		3071415B1F2031C0002409A3 /* Every_DO_CoreData.xcdatamodel */ = {isa = PBXFileReference; lastKnownFileType = wrapper.xcdatamodel; path = Every_DO_CoreData.xcdatamodel; sourceTree = "<group>"; };
		3071415D1F2031C0002409A3 /* Assets.xcassets */ = {isa = PBXFileReference; lastKnownFileType = folder.assetcatalog; path = Assets.xcassets; sourceTree = "<group>"; };
		307141601F2031C0002409A3 /* Base */ = {isa = PBXFileReference; lastKnownFileType = file.storyboard; name = Base; path = Base.lproj/LaunchScreen.storyboard; sourceTree = "<group>"; };
		307141621F2031C0002409A3 /* Info.plist */ = {isa = PBXFileReference; lastKnownFileType = text.plist.xml; path = Info.plist; sourceTree = "<group>"; };
/* End PBXFileReference section */

/* Begin PBXFrameworksBuildPhase section */
		307141481F2031C0002409A3 /* Frameworks */ = {
			isa = PBXFrameworksBuildPhase;
			buildActionMask = 2147483647;
			files = (
			);
			runOnlyForDeploymentPostprocessing = 0;
		};
/* End PBXFrameworksBuildPhase section */

/* Begin PBXGroup section */
		307141421F2031C0002409A3 = {
			isa = PBXGroup;
			children = (
				3071414D1F2031C0002409A3 /* Every.DO-CoreData */,
				3071414C1F2031C0002409A3 /* Products */,
			);
			sourceTree = "<group>";
		};
		3071414C1F2031C0002409A3 /* Products */ = {
			isa = PBXGroup;
			children = (
				3071414B1F2031C0002409A3 /* Every.DO-CoreData.app */,
			);
			name = Products;
			sourceTree = "<group>";
		};
		3071414D1F2031C0002409A3 /* Every.DO-CoreData */ = {
			isa = PBXGroup;
			children = (
				307141511F2031C0002409A3 /* AppDelegate.h */,
				307141521F2031C0002409A3 /* AppDelegate.m */,
				307141541F2031C0002409A3 /* ViewController.h */,
				307141551F2031C0002409A3 /* ViewController.m */,
				307141571F2031C0002409A3 /* Main.storyboard */,
				3071415D1F2031C0002409A3 /* Assets.xcassets */,
				3071415F1F2031C0002409A3 /* LaunchScreen.storyboard */,
				307141621F2031C0002409A3 /* Info.plist */,
				3071415A1F2031C0002409A3 /* Every_DO_CoreData.xcdatamodeld */,
				3071414E1F2031C0002409A3 /* Supporting Files */,
			);
			path = "Every.DO-CoreData";
			sourceTree = "<group>";
		};
		3071414E1F2031C0002409A3 /* Supporting Files */ = {
			isa = PBXGroup;
			children = (
				3071414F1F2031C0002409A3 /* main.m */,
			);
			name = "Supporting Files";
			sourceTree = "<group>";
		};
/* End PBXGroup section */

/* Begin PBXNativeTarget section */
		3071414A1F2031C0002409A3 /* Every.DO-CoreData */ = {
			isa = PBXNativeTarget;
			buildConfigurationList = 307141651F2031C0002409A3 /* Build configuration list for PBXNativeTarget "Every.DO-CoreData" */;
			buildPhases = (
				307141471F2031C0002409A3 /* Sources */,
				307141481F2031C0002409A3 /* Frameworks */,
				307141491F2031C0002409A3 /* Resources */,
			);
			buildRules = (
			);
			dependencies = (
			);
			name = "Every.DO-CoreData";
			productName = "Every.DO-CoreData";
			productReference = 3071414B1F2031C0002409A3 /* Every.DO-CoreData.app */;
			productType = "com.apple.product-type.application";
		};
/* End PBXNativeTarget section */

/* Begin PBXProject section */
		307141431F2031C0002409A3 /* Project object */ = {
			isa = PBXProject;
			attributes = {
				LastUpgradeCheck = 0830;
				ORGANIZATIONNAME = SamOg;
				TargetAttributes = {
					3071414A1F2031C0002409A3 = {
						CreatedOnToolsVersion = 8.3.3;
						DevelopmentTeam = 4KJC5XPKL6;
						ProvisioningStyle = Automatic;
					};
				};
			};
			buildConfigurationList = 307141461F2031C0002409A3 /* Build configuration list for PBXProject "Every.DO-CoreData" */;
			compatibilityVersion = "Xcode 3.2";
			developmentRegion = English;
			hasScannedForEncodings = 0;
			knownRegions = (
				en,
				Base,
			);
			mainGroup = 307141421F2031C0002409A3;
			productRefGroup = 3071414C1F2031C0002409A3 /* Products */;
			projectDirPath = "";
			projectRoot = "";
			targets = (
				3071414A1F2031C0002409A3 /* Every.DO-CoreData */,
			);
		};
/* End PBXProject section */

/* Begin PBXResourcesBuildPhase section */
		307141491F2031C0002409A3 /* Resources */ = {
			isa = PBXResourcesBuildPhase;
			buildActionMask = 2147483647;
			files = (
				307141611F2031C0002409A3 /* LaunchScreen.storyboard in Resources */,
				3071415E1F2031C0002409A3 /* Assets.xcassets in Resources */,
				307141591F2031C0002409A3 /* Main.storyboard in Resources */,
			);
			runOnlyForDeploymentPostprocessing = 0;
		};
/* End PBXResourcesBuildPhase section */

/* Begin PBXSourcesBuildPhase section */
		307141471F2031C0002409A3 /* Sources */ = {
			isa = PBXSourcesBuildPhase;
			buildActionMask = 2147483647;
			files = (
				307141561F2031C0002409A3 /* ViewController.m in Sources */,
				3071415C1F2031C0002409A3 /* Every_DO_CoreData.xcdatamodeld in Sources */,
				307141531F2031C0002409A3 /* AppDelegate.m in Sources */,
				307141501F2031C0002409A3 /* main.m in Sources */,
			);
			runOnlyForDeploymentPostprocessing = 0;
		};
/* End PBXSourcesBuildPhase section */

/* Begin PBXVariantGroup section */
		307141571F2031C0002409A3 /* Main.storyboard */ = {
			isa = PBXVariantGroup;
			children = (
				307141581F2031C0002409A3 /* Base */,
			);
			name = Main.storyboard;
			sourceTree = "<group>";
		};
		3071415F1F2031C0002409A3 /* LaunchScreen.storyboard */ = {
			isa = PBXVariantGroup;
			children = (
				307141601F2031C0002409A3 /* Base */,
			);
			name = LaunchScreen.storyboard;
			sourceTree = "<group>";
		};
/* End PBXVariantGroup section */

/* Begin XCBuildConfiguration section */
		307141631F2031C0002409A3 /* Debug */ = {
			isa = XCBuildConfiguration;
			buildSettings = {
				ALWAYS_SEARCH_USER_PATHS = NO;
				CLANG_ANALYZER_NONNULL = YES;
				CLANG_ANALYZER_NUMBER_OBJECT_CONVERSION = YES_AGGRESSIVE;
				CLANG_CXX_LANGUAGE_STANDARD = "gnu++0x";
				CLANG_CXX_LIBRARY = "libc++";
				CLANG_ENABLE_MODULES = YES;
				CLANG_ENABLE_OBJC_ARC = YES;
				CLANG_WARN_BOOL_CONVERSION = YES;
				CLANG_WARN_CONSTANT_CONVERSION = YES;
				CLANG_WARN_DIRECT_OBJC_ISA_USAGE = YES_ERROR;
				CLANG_WARN_DOCUMENTATION_COMMENTS = YES;
				CLANG_WARN_EMPTY_BODY = YES;
				CLANG_WARN_ENUM_CONVERSION = YES;
				CLANG_WARN_INFINITE_RECURSION = YES;
				CLANG_WARN_INT_CONVERSION = YES;
				CLANG_WARN_OBJC_ROOT_CLASS = YES_ERROR;
				CLANG_WARN_SUSPICIOUS_MOVE = YES;
				CLANG_WARN_UNREACHABLE_CODE = YES;
				CLANG_WARN__DUPLICATE_METHOD_MATCH = YES;
				"CODE_SIGN_IDENTITY[sdk=iphoneos*]" = "iPhone Developer";
				COPY_PHASE_STRIP = NO;
				DEBUG_INFORMATION_FORMAT = dwarf;
				ENABLE_STRICT_OBJC_MSGSEND = YES;
				ENABLE_TESTABILITY = YES;
				GCC_C_LANGUAGE_STANDARD = gnu99;
				GCC_DYNAMIC_NO_PIC = NO;
				GCC_NO_COMMON_BLOCKS = YES;
				GCC_OPTIMIZATION_LEVEL = 0;
				GCC_PREPROCESSOR_DEFINITIONS = (
					"DEBUG=1",
					"$(inherited)",
				);
				GCC_WARN_64_TO_32_BIT_CONVERSION = YES;
				GCC_WARN_ABOUT_RETURN_TYPE = YES_ERROR;
				GCC_WARN_UNDECLARED_SELECTOR = YES;
				GCC_WARN_UNINITIALIZED_AUTOS = YES_AGGRESSIVE;
				GCC_WARN_UNUSED_FUNCTION = YES;
				GCC_WARN_UNUSED_VARIABLE = YES;
				IPHONEOS_DEPLOYMENT_TARGET = 10.3;
				MTL_ENABLE_DEBUG_INFO = YES;
				ONLY_ACTIVE_ARCH = YES;
				SDKROOT = iphoneos;
				TARGETED_DEVICE_FAMILY = "1,2";
			};
			name = Debug;
		};
		307141641F2031C0002409A3 /* Release */ = {
			isa = XCBuildConfiguration;
			buildSettings = {
				ALWAYS_SEARCH_USER_PATHS = NO;
				CLANG_ANALYZER_NONNULL = YES;
				CLANG_ANALYZER_NUMBER_OBJECT_CONVERSION = YES_AGGRESSIVE;
				CLANG_CXX_LANGUAGE_STANDARD = "gnu++0x";
				CLANG_CXX_LIBRARY = "libc++";
				CLANG_ENABLE_MODULES = YES;
				CLANG_ENABLE_OBJC_ARC = YES;
				CLANG_WARN_BOOL_CONVERSION = YES;
				CLANG_WARN_CONSTANT_CONVERSION = YES;
				CLANG_WARN_DIRECT_OBJC_ISA_USAGE = YES_ERROR;
				CLANG_WARN_DOCUMENTATION_COMMENTS = YES;
				CLANG_WARN_EMPTY_BODY = YES;
				CLANG_WARN_ENUM_CONVERSION = YES;
				CLANG_WARN_INFINITE_RECURSION = YES;
				CLANG_WARN_INT_CONVERSION = YES;
				CLANG_WARN_OBJC_ROOT_CLASS = YES_ERROR;
				CLANG_WARN_SUSPICIOUS_MOVE = YES;
				CLANG_WARN_UNREACHABLE_CODE = YES;
				CLANG_WARN__DUPLICATE_METHOD_MATCH = YES;
				"CODE_SIGN_IDENTITY[sdk=iphoneos*]" = "iPhone Developer";
				COPY_PHASE_STRIP = NO;
				DEBUG_INFORMATION_FORMAT = "dwarf-with-dsym";
				ENABLE_NS_ASSERTIONS = NO;
				ENABLE_STRICT_OBJC_MSGSEND = YES;
				GCC_C_LANGUAGE_STANDARD = gnu99;
				GCC_NO_COMMON_BLOCKS = YES;
				GCC_WARN_64_TO_32_BIT_CONVERSION = YES;
				GCC_WARN_ABOUT_RETURN_TYPE = YES_ERROR;
				GCC_WARN_UNDECLARED_SELECTOR = YES;
				GCC_WARN_UNINITIALIZED_AUTOS = YES_AGGRESSIVE;
				GCC_WARN_UNUSED_FUNCTION = YES;
				GCC_WARN_UNUSED_VARIABLE = YES;
				IPHONEOS_DEPLOYMENT_TARGET = 10.3;
				MTL_ENABLE_DEBUG_INFO = NO;
				SDKROOT = iphoneos;
				TARGETED_DEVICE_FAMILY = "1,2";
				VALIDATE_PRODUCT = YES;
			};
			name = Release;
		};
		307141661F2031C0002409A3 /* Debug */ = {
			isa = XCBuildConfiguration;
			buildSettings = {
				ASSETCATALOG_COMPILER_APPICON_NAME = AppIcon;
				DEVELOPMENT_TEAM = 4KJC5XPKL6;
				INFOPLIST_FILE = "Every.DO-CoreData/Info.plist";
				LD_RUNPATH_SEARCH_PATHS = "$(inherited) @executable_path/Frameworks";
				PRODUCT_BUNDLE_IDENTIFIER = "com.samog.Every-DO-CoreData";
				PRODUCT_NAME = "$(TARGET_NAME)";
			};
			name = Debug;
		};
		307141671F2031C0002409A3 /* Release */ = {
			isa = XCBuildConfiguration;
			buildSettings = {
				ASSETCATALOG_COMPILER_APPICON_NAME = AppIcon;
				DEVELOPMENT_TEAM = 4KJC5XPKL6;
				INFOPLIST_FILE = "Every.DO-CoreData/Info.plist";
				LD_RUNPATH_SEARCH_PATHS = "$(inherited) @executable_path/Frameworks";
				PRODUCT_BUNDLE_IDENTIFIER = "com.samog.Every-DO-CoreData";
				PRODUCT_NAME = "$(TARGET_NAME)";
			};
			name = Release;
		};
/* End XCBuildConfiguration section */

/* Begin XCConfigurationList section */
		307141461F2031C0002409A3 /* Build configuration list for PBXProject "Every.DO-CoreData" */ = {
			isa = XCConfigurationList;
			buildConfigurations = (
				307141631F2031C0002409A3 /* Debug */,
				307141641F2031C0002409A3 /* Release */,
			);
			defaultConfigurationIsVisible = 0;
			defaultConfigurationName = Release;
		};
		307141651F2031C0002409A3 /* Build configuration list for PBXNativeTarget "Every.DO-CoreData" */ = {
			isa = XCConfigurationList;
			buildConfigurations = (
				307141661F2031C0002409A3 /* Debug */,
				307141671F2031C0002409A3 /* Release */,
			);
			defaultConfigurationIsVisible = 0;
		};
/* End XCConfigurationList section */

/* Begin XCVersionGroup section */
		3071415A1F2031C0002409A3 /* Every_DO_CoreData.xcdatamodeld */ = {
			isa = XCVersionGroup;
			children = (
				3071415B1F2031C0002409A3 /* Every_DO_CoreData.xcdatamodel */,
			);
			currentVersion = 3071415B1F2031C0002409A3 /* Every_DO_CoreData.xcdatamodel */;
			path = Every_DO_CoreData.xcdatamodeld;
			sourceTree = "<group>";
			versionGroupType = wrapper.xcdatamodel;
		};
/* End XCVersionGroup section */
	};
	rootObject = 307141431F2031C0002409A3 /* Project object */;
}
